
Microsoft Visual Studio Solution File, Format Version 12.00
# Visual Studio Version 17
VisualStudioVersion = 17.14.36518.9 d17.14
MinimumVisualStudioVersion = 10.0.40219.1
Project("{FAE04EC0-301F-11D3-BF4B-00C04F79EFBC}") = "MLM_Web_App", "MLM_Web_App\MLM_Web_App.csproj", "{7D56917C-7102-4E49-9D1B-A91DE05D5FF4}"
EndProject
Global
	GlobalSection(SolutionConfigurationPlatforms) = preSolution
		Debug|Any CPU = Debug|Any CPU
		Release|Any CPU = Release|Any CPU
	EndGlobalSection
	GlobalSection(ProjectConfigurationPlatforms) = postSolution
		{7D56917C-7102-4E49-9D1B-A91DE05D5FF4}.Debug|Any CPU.ActiveCfg = Debug|Any CPU
		{7D56917C-7102-4E49-9D1B-A91DE05D5FF4}.Debug|Any CPU.Build.0 = Debug|Any CPU
		{7D56917C-7102-4E49-9D1B-A91DE05D5FF4}.Release|Any CPU.ActiveCfg = Release|Any CPU
		{7D56917C-7102-4E49-9D1B-A91DE05D5FF4}.Release|Any CPU.Build.0 = Release|Any CPU
	EndGlobalSection
	GlobalSection(SolutionProperties) = preSolution
		HideSolutionNode = FALSE
	EndGlobalSection
	GlobalSection(ExtensibilityGlobals) = postSolution
		SolutionGuid = {F745D13B-5568-4583-ABE8-CFEA41373B62}
	EndGlobalSection
EndGlobal
